
Microsoft Visual Studio Solution File, Format Version 11.00
# Visual Studio 2010
Project("{FAE04EC0-301F-11D3-BF4B-00C04F79EFBC}") = "Agrond.Plus", "Agrond.Plus\Agrond.Plus.csproj", "{1DD05742-20AE-4F8C-97E4-7322725E726C}"
EndProject
Project("{FAE04EC0-301F-11D3-BF4B-00C04F79EFBC}") = "Agrond.ObjectLib", "Agrond.ObjectLib\Agrond.ObjectLib.csproj", "{18EDC6F3-3633-4DB9-B1F1-DEDAF67006F2}"
EndProject
Project("{FAE04EC0-301F-11D3-BF4B-00C04F79EFBC}") = "Agrond.Option", "Agrond.Option\Agrond.Option.csproj", "{6A172D97-8C5A-40A4-A25E-F1BE1BA00B94}"
EndProject
Project("{FAE04EC0-301F-11D3-BF4B-00C04F79EFBC}") = "Agrond.Validation", "Agrond.Validation\Agrond.Validation.csproj", "{98C01C3C-019B-486F-BCF1-697F18E657D9}"
EndProject
Project("{FAE04EC0-301F-11D3-BF4B-00C04F79EFBC}") = "Agrond.AmazonAPI", "Agrond.AmazonAPI\Agrond.AmazonAPI.csproj", "{33501FEE-7573-4ACE-8BC8-8280F321D486}"
EndProject
Project("{FAE04EC0-301F-11D3-BF4B-00C04F79EFBC}") = "LycuteEbookManagement", "LycuteEbookManagement\LycuteEbookManagement.csproj", "{8132B21B-C4AE-4BB6-A26E-570383FB20B0}"
EndProject
Project("{FAE04EC0-301F-11D3-BF4B-00C04F79EFBC}") = "Agrond.DataAccess", "Agrond.DataAccess\Agrond.DataAccess.csproj", "{1AC669AC-59BD-4526-86C8-0380B5594CCE}"
EndProject
Project("{FAE04EC0-301F-11D3-BF4B-00C04F79EFBC}") = "Agrond.SearchEngin", "Agrond.SearchEngin\Agrond.SearchEngin.csproj", "{F77968D5-1B66-458B-A9DF-DFCAF36588D3}"
EndProject
Project("{FAE04EC0-301F-11D3-BF4B-00C04F79EFBC}") = "Uniter", "Uniter\Uniter.csproj", "{E02F32DA-AF6A-4F2C-8552-484C54873C8B}"
EndProject
Project("{2150E333-8FDC-42A3-9474-1A3956D46DE8}") = "Solution Items", "Solution Items", "{5C67DF9F-0672-4CC0-BD3E-B1052F4FC990}"
	ProjectSection(SolutionItems) = preProject
		Agrond.Lycute.vsmdi = Agrond.Lycute.vsmdi
		Local.testsettings = Local.testsettings
		TraceAndTestImpact.testsettings = TraceAndTestImpact.testsettings
	EndProjectSection
EndProject
Project("{6141683F-8A12-4E36-9623-2EB02B2C2303}") = "Agrond.Setup", "Agrond.Setup\Agrond.Setup.isproj", "{15B1BC14-CB84-472D-95D6-C9ADCBA5D5F7}"
EndProject
Global
	GlobalSection(SubversionScc) = preSolution
		Svn-Managed = True
		Manager = AnkhSVN - Subversion Support for Visual Studio
	EndGlobalSection
	GlobalSection(TestCaseManagementSettings) = postSolution
		CategoryFile = Agrond.Lycute.vsmdi
	EndGlobalSection
	GlobalSection(SolutionConfigurationPlatforms) = preSolution
		CD_ROM|Any CPU = CD_ROM|Any CPU
		CD_ROM|Mixed Platforms = CD_ROM|Mixed Platforms
		CD_ROM|x86 = CD_ROM|x86
		Debug|Any CPU = Debug|Any CPU
		Debug|Mixed Platforms = Debug|Mixed Platforms
		Debug|x86 = Debug|x86
		DVD-5|Any CPU = DVD-5|Any CPU
		DVD-5|Mixed Platforms = DVD-5|Mixed Platforms
		DVD-5|x86 = DVD-5|x86
		Release|Any CPU = Release|Any CPU
		Release|Mixed Platforms = Release|Mixed Platforms
		Release|x86 = Release|x86
		SingleImage|Any CPU = SingleImage|Any CPU
		SingleImage|Mixed Platforms = SingleImage|Mixed Platforms
		SingleImage|x86 = SingleImage|x86
	EndGlobalSection
	GlobalSection(ProjectConfigurationPlatforms) = postSolution
		{1DD05742-20AE-4F8C-97E4-7322725E726C}.CD_ROM|Any CPU.ActiveCfg = Release|Any CPU
		{1DD05742-20AE-4F8C-97E4-7322725E726C}.CD_ROM|Any CPU.Build.0 = Release|Any CPU
		{1DD05742-20AE-4F8C-97E4-7322725E726C}.CD_ROM|Mixed Platforms.ActiveCfg = Release|Any CPU
		{1DD05742-20AE-4F8C-97E4-7322725E726C}.CD_ROM|Mixed Platforms.Build.0 = Release|Any CPU
		{1DD05742-20AE-4F8C-97E4-7322725E726C}.CD_ROM|x86.ActiveCfg = Release|Any CPU
		{1DD05742-20AE-4F8C-97E4-7322725E726C}.Debug|Any CPU.ActiveCfg = Debug|Any CPU
		{1DD05742-20AE-4F8C-97E4-7322725E726C}.Debug|Any CPU.Build.0 = Debug|Any CPU
		{1DD05742-20AE-4F8C-97E4-7322725E726C}.Debug|Mixed Platforms.ActiveCfg = Debug|Any CPU
		{1DD05742-20AE-4F8C-97E4-7322725E726C}.Debug|Mixed Platforms.Build.0 = Debug|Any CPU
		{1DD05742-20AE-4F8C-97E4-7322725E726C}.Debug|x86.ActiveCfg = Debug|Any CPU
		{1DD05742-20AE-4F8C-97E4-7322725E726C}.DVD-5|Any CPU.ActiveCfg = Debug|Any CPU
		{1DD05742-20AE-4F8C-97E4-7322725E726C}.DVD-5|Any CPU.Build.0 = Debug|Any CPU
		{1DD05742-20AE-4F8C-97E4-7322725E726C}.DVD-5|Mixed Platforms.ActiveCfg = Debug|Any CPU
		{1DD05742-20AE-4F8C-97E4-7322725E726C}.DVD-5|Mixed Platforms.Build.0 = Debug|Any CPU
		{1DD05742-20AE-4F8C-97E4-7322725E726C}.DVD-5|x86.ActiveCfg = Debug|Any CPU
		{1DD05742-20AE-4F8C-97E4-7322725E726C}.Release|Any CPU.ActiveCfg = Release|Any CPU
		{1DD05742-20AE-4F8C-97E4-7322725E726C}.Release|Any CPU.Build.0 = Release|Any CPU
		{1DD05742-20AE-4F8C-97E4-7322725E726C}.Release|Mixed Platforms.ActiveCfg = Release|Any CPU
		{1DD05742-20AE-4F8C-97E4-7322725E726C}.Release|Mixed Platforms.Build.0 = Release|Any CPU
		{1DD05742-20AE-4F8C-97E4-7322725E726C}.Release|x86.ActiveCfg = Release|Any CPU
		{1DD05742-20AE-4F8C-97E4-7322725E726C}.SingleImage|Any CPU.ActiveCfg = Release|Any CPU
		{1DD05742-20AE-4F8C-97E4-7322725E726C}.SingleImage|Any CPU.Build.0 = Release|Any CPU
		{1DD05742-20AE-4F8C-97E4-7322725E726C}.SingleImage|Mixed Platforms.ActiveCfg = Release|Any CPU
		{1DD05742-20AE-4F8C-97E4-7322725E726C}.SingleImage|Mixed Platforms.Build.0 = Release|Any CPU
		{1DD05742-20AE-4F8C-97E4-7322725E726C}.SingleImage|x86.ActiveCfg = Release|Any CPU
		{18EDC6F3-3633-4DB9-B1F1-DEDAF67006F2}.CD_ROM|Any CPU.ActiveCfg = Release|Any CPU
		{18EDC6F3-3633-4DB9-B1F1-DEDAF67006F2}.CD_ROM|Any CPU.Build.0 = Release|Any CPU
		{18EDC6F3-3633-4DB9-B1F1-DEDAF67006F2}.CD_ROM|Mixed Platforms.ActiveCfg = Release|Any CPU
		{18EDC6F3-3633-4DB9-B1F1-DEDAF67006F2}.CD_ROM|Mixed Platforms.Build.0 = Release|Any CPU
		{18EDC6F3-3633-4DB9-B1F1-DEDAF67006F2}.CD_ROM|x86.ActiveCfg = Release|Any CPU
		{18EDC6F3-3633-4DB9-B1F1-DEDAF67006F2}.Debug|Any CPU.ActiveCfg = Debug|Any CPU
		{18EDC6F3-3633-4DB9-B1F1-DEDAF67006F2}.Debug|Any CPU.Build.0 = Debug|Any CPU
		{18EDC6F3-3633-4DB9-B1F1-DEDAF67006F2}.Debug|Mixed Platforms.ActiveCfg = Debug|Any CPU
		{18EDC6F3-3633-4DB9-B1F1-DEDAF67006F2}.Debug|Mixed Platforms.Build.0 = Debug|Any CPU
		{18EDC6F3-3633-4DB9-B1F1-DEDAF67006F2}.Debug|x86.ActiveCfg = Debug|Any CPU
		{18EDC6F3-3633-4DB9-B1F1-DEDAF67006F2}.DVD-5|Any CPU.ActiveCfg = Debug|Any CPU
		{18EDC6F3-3633-4DB9-B1F1-DEDAF67006F2}.DVD-5|Any CPU.Build.0 = Debug|Any CPU
		{18EDC6F3-3633-4DB9-B1F1-DEDAF67006F2}.DVD-5|Mixed Platforms.ActiveCfg = Debug|Any CPU
		{18EDC6F3-3633-4DB9-B1F1-DEDAF67006F2}.DVD-5|Mixed Platforms.Build.0 = Debug|Any CPU
		{18EDC6F3-3633-4DB9-B1F1-DEDAF67006F2}.DVD-5|x86.ActiveCfg = Debug|Any CPU
		{18EDC6F3-3633-4DB9-B1F1-DEDAF67006F2}.Release|Any CPU.ActiveCfg = Release|Any CPU
		{18EDC6F3-3633-4DB9-B1F1-DEDAF67006F2}.Release|Any CPU.Build.0 = Release|Any CPU
		{18EDC6F3-3633-4DB9-B1F1-DEDAF67006F2}.Release|Mixed Platforms.ActiveCfg = Release|Any CPU
		{18EDC6F3-3633-4DB9-B1F1-DEDAF67006F2}.Release|Mixed Platforms.Build.0 = Release|Any CPU
		{18EDC6F3-3633-4DB9-B1F1-DEDAF67006F2}.Release|x86.ActiveCfg = Release|Any CPU
		{18EDC6F3-3633-4DB9-B1F1-DEDAF67006F2}.SingleImage|Any CPU.ActiveCfg = Release|Any CPU
		{18EDC6F3-3633-4DB9-B1F1-DEDAF67006F2}.SingleImage|Any CPU.Build.0 = Release|Any CPU
		{18EDC6F3-3633-4DB9-B1F1-DEDAF67006F2}.SingleImage|Mixed Platforms.ActiveCfg = Release|Any CPU
		{18EDC6F3-3633-4DB9-B1F1-DEDAF67006F2}.SingleImage|Mixed Platforms.Build.0 = Release|Any CPU
		{18EDC6F3-3633-4DB9-B1F1-DEDAF67006F2}.SingleImage|x86.ActiveCfg = Release|Any CPU
		{6A172D97-8C5A-40A4-A25E-F1BE1BA00B94}.CD_ROM|Any CPU.ActiveCfg = Release|Any CPU
		{6A172D97-8C5A-40A4-A25E-F1BE1BA00B94}.CD_ROM|Any CPU.Build.0 = Release|Any CPU
		{6A172D97-8C5A-40A4-A25E-F1BE1BA00B94}.CD_ROM|Mixed Platforms.ActiveCfg = Release|Any CPU
		{6A172D97-8C5A-40A4-A25E-F1BE1BA00B94}.CD_ROM|Mixed Platforms.Build.0 = Release|Any CPU
		{6A172D97-8C5A-40A4-A25E-F1BE1BA00B94}.CD_ROM|x86.ActiveCfg = Release|Any CPU
		{6A172D97-8C5A-40A4-A25E-F1BE1BA00B94}.Debug|Any CPU.ActiveCfg = Debug|Any CPU
		{6A172D97-8C5A-40A4-A25E-F1BE1BA00B94}.Debug|Any CPU.Build.0 = Debug|Any CPU
		{6A172D97-8C5A-40A4-A25E-F1BE1BA00B94}.Debug|Mixed Platforms.ActiveCfg = Debug|Any CPU
		{6A172D97-8C5A-40A4-A25E-F1BE1BA00B94}.Debug|Mixed Platforms.Build.0 = Debug|Any CPU
		{6A172D97-8C5A-40A4-A25E-F1BE1BA00B94}.Debug|x86.ActiveCfg = Debug|Any CPU
		{6A172D97-8C5A-40A4-A25E-F1BE1BA00B94}.DVD-5|Any CPU.ActiveCfg = Debug|Any CPU
		{6A172D97-8C5A-40A4-A25E-F1BE1BA00B94}.DVD-5|Any CPU.Build.0 = Debug|Any CPU
		{6A172D97-8C5A-40A4-A25E-F1BE1BA00B94}.DVD-5|Mixed Platforms.ActiveCfg = Debug|Any CPU
		{6A172D97-8C5A-40A4-A25E-F1BE1BA00B94}.DVD-5|Mixed Platforms.Build.0 = Debug|Any CPU
		{6A172D97-8C5A-40A4-A25E-F1BE1BA00B94}.DVD-5|x86.ActiveCfg = Debug|Any CPU
		{6A172D97-8C5A-40A4-A25E-F1BE1BA00B94}.Release|Any CPU.ActiveCfg = Release|Any CPU
		{6A172D97-8C5A-40A4-A25E-F1BE1BA00B94}.Release|Any CPU.Build.0 = Release|Any CPU
		{6A172D97-8C5A-40A4-A25E-F1BE1BA00B94}.Release|Mixed Platforms.ActiveCfg = Release|Any CPU
		{6A172D97-8C5A-40A4-A25E-F1BE1BA00B94}.Release|Mixed Platforms.Build.0 = Release|Any CPU
		{6A172D97-8C5A-40A4-A25E-F1BE1BA00B94}.Release|x86.ActiveCfg = Release|Any CPU
		{6A172D97-8C5A-40A4-A25E-F1BE1BA00B94}.SingleImage|Any CPU.ActiveCfg = Release|Any CPU
		{6A172D97-8C5A-40A4-A25E-F1BE1BA00B94}.SingleImage|Any CPU.Build.0 = Release|Any CPU
		{6A172D97-8C5A-40A4-A25E-F1BE1BA00B94}.SingleImage|Mixed Platforms.ActiveCfg = Release|Any CPU
		{6A172D97-8C5A-40A4-A25E-F1BE1BA00B94}.SingleImage|Mixed Platforms.Build.0 = Release|Any CPU
		{6A172D97-8C5A-40A4-A25E-F1BE1BA00B94}.SingleImage|x86.ActiveCfg = Release|Any CPU
		{98C01C3C-019B-486F-BCF1-697F18E657D9}.CD_ROM|Any CPU.ActiveCfg = Release|Any CPU
		{98C01C3C-019B-486F-BCF1-697F18E657D9}.CD_ROM|Any CPU.Build.0 = Release|Any CPU
		{98C01C3C-019B-486F-BCF1-697F18E657D9}.CD_ROM|Mixed Platforms.ActiveCfg = Release|Any CPU
		{98C01C3C-019B-486F-BCF1-697F18E657D9}.CD_ROM|Mixed Platforms.Build.0 = Release|Any CPU
		{98C01C3C-019B-486F-BCF1-697F18E657D9}.CD_ROM|x86.ActiveCfg = Release|Any CPU
		{98C01C3C-019B-486F-BCF1-697F18E657D9}.Debug|Any CPU.ActiveCfg = Debug|Any CPU
		{98C01C3C-019B-486F-BCF1-697F18E657D9}.Debug|Any CPU.Build.0 = Debug|Any CPU
		{98C01C3C-019B-486F-BCF1-697F18E657D9}.Debug|Mixed Platforms.ActiveCfg = Debug|Any CPU
		{98C01C3C-019B-486F-BCF1-697F18E657D9}.Debug|Mixed Platforms.Build.0 = Debug|Any CPU
		{98C01C3C-019B-486F-BCF1-697F18E657D9}.Debug|x86.ActiveCfg = Debug|Any CPU
		{98C01C3C-019B-486F-BCF1-697F18E657D9}.DVD-5|Any CPU.ActiveCfg = Debug|Any CPU
		{98C01C3C-019B-486F-BCF1-697F18E657D9}.DVD-5|Any CPU.Build.0 = Debug|Any CPU
		{98C01C3C-019B-486F-BCF1-697F18E657D9}.DVD-5|Mixed Platforms.ActiveCfg = Debug|Any CPU
		{98C01C3C-019B-486F-BCF1-697F18E657D9}.DVD-5|Mixed Platforms.Build.0 = Debug|Any CPU
		{98C01C3C-019B-486F-BCF1-697F18E657D9}.DVD-5|x86.ActiveCfg = Debug|Any CPU
		{98C01C3C-019B-486F-BCF1-697F18E657D9}.Release|Any CPU.ActiveCfg = Release|Any CPU
		{98C01C3C-019B-486F-BCF1-697F18E657D9}.Release|Any CPU.Build.0 = Release|Any CPU
		{98C01C3C-019B-486F-BCF1-697F18E657D9}.Release|Mixed Platforms.ActiveCfg = Release|Any CPU
		{98C01C3C-019B-486F-BCF1-697F18E657D9}.Release|Mixed Platforms.Build.0 = Release|Any CPU
		{98C01C3C-019B-486F-BCF1-697F18E657D9}.Release|x86.ActiveCfg = Release|Any CPU
		{98C01C3C-019B-486F-BCF1-697F18E657D9}.SingleImage|Any CPU.ActiveCfg = Release|Any CPU
		{98C01C3C-019B-486F-BCF1-697F18E657D9}.SingleImage|Any CPU.Build.0 = Release|Any CPU
		{98C01C3C-019B-486F-BCF1-697F18E657D9}.SingleImage|Mixed Platforms.ActiveCfg = Release|Any CPU
		{98C01C3C-019B-486F-BCF1-697F18E657D9}.SingleImage|Mixed Platforms.Build.0 = Release|Any CPU
		{98C01C3C-019B-486F-BCF1-697F18E657D9}.SingleImage|x86.ActiveCfg = Release|Any CPU
		{33501FEE-7573-4ACE-8BC8-8280F321D486}.CD_ROM|Any CPU.ActiveCfg = Release|Any CPU
		{33501FEE-7573-4ACE-8BC8-8280F321D486}.CD_ROM|Any CPU.Build.0 = Release|Any CPU
		{33501FEE-7573-4ACE-8BC8-8280F321D486}.CD_ROM|Mixed Platforms.ActiveCfg = Release|Any CPU
		{33501FEE-7573-4ACE-8BC8-8280F321D486}.CD_ROM|Mixed Platforms.Build.0 = Release|Any CPU
		{33501FEE-7573-4ACE-8BC8-8280F321D486}.CD_ROM|x86.ActiveCfg = Release|Any CPU
		{33501FEE-7573-4ACE-8BC8-8280F321D486}.Debug|Any CPU.ActiveCfg = Debug|Any CPU
		{33501FEE-7573-4ACE-8BC8-8280F321D486}.Debug|Any CPU.Build.0 = Debug|Any CPU
		{33501FEE-7573-4ACE-8BC8-8280F321D486}.Debug|Mixed Platforms.ActiveCfg = Debug|Any CPU
		{33501FEE-7573-4ACE-8BC8-8280F321D486}.Debug|Mixed Platforms.Build.0 = Debug|Any CPU
		{33501FEE-7573-4ACE-8BC8-8280F321D486}.Debug|x86.ActiveCfg = Debug|Any CPU
		{33501FEE-7573-4ACE-8BC8-8280F321D486}.DVD-5|Any CPU.ActiveCfg = Debug|Any CPU
		{33501FEE-7573-4ACE-8BC8-8280F321D486}.DVD-5|Any CPU.Build.0 = Debug|Any CPU
		{33501FEE-7573-4ACE-8BC8-8280F321D486}.DVD-5|Mixed Platforms.ActiveCfg = Debug|Any CPU
		{33501FEE-7573-4ACE-8BC8-8280F321D486}.DVD-5|Mixed Platforms.Build.0 = Debug|Any CPU
		{33501FEE-7573-4ACE-8BC8-8280F321D486}.DVD-5|x86.ActiveCfg = Debug|Any CPU
		{33501FEE-7573-4ACE-8BC8-8280F321D486}.Release|Any CPU.ActiveCfg = Release|Any CPU
		{33501FEE-7573-4ACE-8BC8-8280F321D486}.Release|Any CPU.Build.0 = Release|Any CPU
		{33501FEE-7573-4ACE-8BC8-8280F321D486}.Release|Mixed Platforms.ActiveCfg = Release|Any CPU
		{33501FEE-7573-4ACE-8BC8-8280F321D486}.Release|Mixed Platforms.Build.0 = Release|Any CPU
		{33501FEE-7573-4ACE-8BC8-8280F321D486}.Release|x86.ActiveCfg = Release|Any CPU
		{33501FEE-7573-4ACE-8BC8-8280F321D486}.SingleImage|Any CPU.ActiveCfg = Release|Any CPU
		{33501FEE-7573-4ACE-8BC8-8280F321D486}.SingleImage|Any CPU.Build.0 = Release|Any CPU
		{33501FEE-7573-4ACE-8BC8-8280F321D486}.SingleImage|Mixed Platforms.ActiveCfg = Release|Any CPU
		{33501FEE-7573-4ACE-8BC8-8280F321D486}.SingleImage|Mixed Platforms.Build.0 = Release|Any CPU
		{33501FEE-7573-4ACE-8BC8-8280F321D486}.SingleImage|x86.ActiveCfg = Release|Any CPU
		{8132B21B-C4AE-4BB6-A26E-570383FB20B0}.CD_ROM|Any CPU.ActiveCfg = Release|x86
		{8132B21B-C4AE-4BB6-A26E-570383FB20B0}.CD_ROM|Mixed Platforms.ActiveCfg = Release|x86
		{8132B21B-C4AE-4BB6-A26E-570383FB20B0}.CD_ROM|Mixed Platforms.Build.0 = Release|x86
		{8132B21B-C4AE-4BB6-A26E-570383FB20B0}.CD_ROM|x86.ActiveCfg = Release|x86
		{8132B21B-C4AE-4BB6-A26E-570383FB20B0}.CD_ROM|x86.Build.0 = Release|x86
		{8132B21B-C4AE-4BB6-A26E-570383FB20B0}.Debug|Any CPU.ActiveCfg = Debug|x86
		{8132B21B-C4AE-4BB6-A26E-570383FB20B0}.Debug|Mixed Platforms.ActiveCfg = Debug|x86
		{8132B21B-C4AE-4BB6-A26E-570383FB20B0}.Debug|Mixed Platforms.Build.0 = Debug|x86
		{8132B21B-C4AE-4BB6-A26E-570383FB20B0}.Debug|x86.ActiveCfg = Debug|x86
		{8132B21B-C4AE-4BB6-A26E-570383FB20B0}.Debug|x86.Build.0 = Debug|x86
		{8132B21B-C4AE-4BB6-A26E-570383FB20B0}.DVD-5|Any CPU.ActiveCfg = Debug|x86
		{8132B21B-C4AE-4BB6-A26E-570383FB20B0}.DVD-5|Mixed Platforms.ActiveCfg = Debug|x86
		{8132B21B-C4AE-4BB6-A26E-570383FB20B0}.DVD-5|Mixed Platforms.Build.0 = Debug|x86
		{8132B21B-C4AE-4BB6-A26E-570383FB20B0}.DVD-5|x86.ActiveCfg = Debug|x86
		{8132B21B-C4AE-4BB6-A26E-570383FB20B0}.DVD-5|x86.Build.0 = Debug|x86
		{8132B21B-C4AE-4BB6-A26E-570383FB20B0}.Release|Any CPU.ActiveCfg = Release|x86
		{8132B21B-C4AE-4BB6-A26E-570383FB20B0}.Release|Mixed Platforms.ActiveCfg = Release|x86
		{8132B21B-C4AE-4BB6-A26E-570383FB20B0}.Release|Mixed Platforms.Build.0 = Release|x86
		{8132B21B-C4AE-4BB6-A26E-570383FB20B0}.Release|x86.ActiveCfg = Release|x86
		{8132B21B-C4AE-4BB6-A26E-570383FB20B0}.Release|x86.Build.0 = Release|x86
		{8132B21B-C4AE-4BB6-A26E-570383FB20B0}.SingleImage|Any CPU.ActiveCfg = Release|x86
		{8132B21B-C4AE-4BB6-A26E-570383FB20B0}.SingleImage|Mixed Platforms.ActiveCfg = Release|x86
		{8132B21B-C4AE-4BB6-A26E-570383FB20B0}.SingleImage|Mixed Platforms.Build.0 = Release|x86
		{8132B21B-C4AE-4BB6-A26E-570383FB20B0}.SingleImage|x86.ActiveCfg = Release|x86
		{8132B21B-C4AE-4BB6-A26E-570383FB20B0}.SingleImage|x86.Build.0 = Release|x86
		{1AC669AC-59BD-4526-86C8-0380B5594CCE}.CD_ROM|Any CPU.ActiveCfg = Release|Any CPU
		{1AC669AC-59BD-4526-86C8-0380B5594CCE}.CD_ROM|Any CPU.Build.0 = Release|Any CPU
		{1AC669AC-59BD-4526-86C8-0380B5594CCE}.CD_ROM|Mixed Platforms.ActiveCfg = Release|Any CPU
		{1AC669AC-59BD-4526-86C8-0380B5594CCE}.CD_ROM|Mixed Platforms.Build.0 = Release|Any CPU
		{1AC669AC-59BD-4526-86C8-0380B5594CCE}.CD_ROM|x86.ActiveCfg = Release|Any CPU
		{1AC669AC-59BD-4526-86C8-0380B5594CCE}.Debug|Any CPU.ActiveCfg = Debug|Any CPU
		{1AC669AC-59BD-4526-86C8-0380B5594CCE}.Debug|Any CPU.Build.0 = Debug|Any CPU
		{1AC669AC-59BD-4526-86C8-0380B5594CCE}.Debug|Mixed Platforms.ActiveCfg = Debug|Any CPU
		{1AC669AC-59BD-4526-86C8-0380B5594CCE}.Debug|Mixed Platforms.Build.0 = Debug|Any CPU
		{1AC669AC-59BD-4526-86C8-0380B5594CCE}.Debug|x86.ActiveCfg = Debug|Any CPU
		{1AC669AC-59BD-4526-86C8-0380B5594CCE}.DVD-5|Any CPU.ActiveCfg = Debug|Any CPU
		{1AC669AC-59BD-4526-86C8-0380B5594CCE}.DVD-5|Any CPU.Build.0 = Debug|Any CPU
		{1AC669AC-59BD-4526-86C8-0380B5594CCE}.DVD-5|Mixed Platforms.ActiveCfg = Debug|Any CPU
		{1AC669AC-59BD-4526-86C8-0380B5594CCE}.DVD-5|Mixed Platforms.Build.0 = Debug|Any CPU
		{1AC669AC-59BD-4526-86C8-0380B5594CCE}.DVD-5|x86.ActiveCfg = Debug|Any CPU
		{1AC669AC-59BD-4526-86C8-0380B5594CCE}.Release|Any CPU.ActiveCfg = Release|Any CPU
		{1AC669AC-59BD-4526-86C8-0380B5594CCE}.Release|Any CPU.Build.0 = Release|Any CPU
		{1AC669AC-59BD-4526-86C8-0380B5594CCE}.Release|Mixed Platforms.ActiveCfg = Release|Any CPU
		{1AC669AC-59BD-4526-86C8-0380B5594CCE}.Release|Mixed Platforms.Build.0 = Release|Any CPU
		{1AC669AC-59BD-4526-86C8-0380B5594CCE}.Release|x86.ActiveCfg = Release|Any CPU
		{1AC669AC-59BD-4526-86C8-0380B5594CCE}.SingleImage|Any CPU.ActiveCfg = Release|Any CPU
		{1AC669AC-59BD-4526-86C8-0380B5594CCE}.SingleImage|Any CPU.Build.0 = Release|Any CPU
		{1AC669AC-59BD-4526-86C8-0380B5594CCE}.SingleImage|Mixed Platforms.ActiveCfg = Release|Any CPU
		{1AC669AC-59BD-4526-86C8-0380B5594CCE}.SingleImage|Mixed Platforms.Build.0 = Release|Any CPU
		{1AC669AC-59BD-4526-86C8-0380B5594CCE}.SingleImage|x86.ActiveCfg = Release|Any CPU
		{F77968D5-1B66-458B-A9DF-DFCAF36588D3}.CD_ROM|Any CPU.ActiveCfg = Release|Any CPU
		{F77968D5-1B66-458B-A9DF-DFCAF36588D3}.CD_ROM|Any CPU.Build.0 = Release|Any CPU
		{F77968D5-1B66-458B-A9DF-DFCAF36588D3}.CD_ROM|Mixed Platforms.ActiveCfg = Release|Any CPU
		{F77968D5-1B66-458B-A9DF-DFCAF36588D3}.CD_ROM|Mixed Platforms.Build.0 = Release|Any CPU
		{F77968D5-1B66-458B-A9DF-DFCAF36588D3}.CD_ROM|x86.ActiveCfg = Release|Any CPU
		{F77968D5-1B66-458B-A9DF-DFCAF36588D3}.Debug|Any CPU.ActiveCfg = Debug|Any CPU
		{F77968D5-1B66-458B-A9DF-DFCAF36588D3}.Debug|Any CPU.Build.0 = Debug|Any CPU
		{F77968D5-1B66-458B-A9DF-DFCAF36588D3}.Debug|Mixed Platforms.ActiveCfg = Debug|Any CPU
		{F77968D5-1B66-458B-A9DF-DFCAF36588D3}.Debug|Mixed Platforms.Build.0 = Debug|Any CPU
		{F77968D5-1B66-458B-A9DF-DFCAF36588D3}.Debug|x86.ActiveCfg = Debug|Any CPU
		{F77968D5-1B66-458B-A9DF-DFCAF36588D3}.DVD-5|Any CPU.ActiveCfg = Debug|Any CPU
		{F77968D5-1B66-458B-A9DF-DFCAF36588D3}.DVD-5|Any CPU.Build.0 = Debug|Any CPU
		{F77968D5-1B66-458B-A9DF-DFCAF36588D3}.DVD-5|Mixed Platforms.ActiveCfg = Debug|Any CPU
		{F77968D5-1B66-458B-A9DF-DFCAF36588D3}.DVD-5|Mixed Platforms.Build.0 = Debug|Any CPU
		{F77968D5-1B66-458B-A9DF-DFCAF36588D3}.DVD-5|x86.ActiveCfg = Debug|Any CPU
		{F77968D5-1B66-458B-A9DF-DFCAF36588D3}.Release|Any CPU.ActiveCfg = Release|Any CPU
		{F77968D5-1B66-458B-A9DF-DFCAF36588D3}.Release|Any CPU.Build.0 = Release|Any CPU
		{F77968D5-1B66-458B-A9DF-DFCAF36588D3}.Release|Mixed Platforms.ActiveCfg = Release|Any CPU
		{F77968D5-1B66-458B-A9DF-DFCAF36588D3}.Release|Mixed Platforms.Build.0 = Release|Any CPU
		{F77968D5-1B66-458B-A9DF-DFCAF36588D3}.Release|x86.ActiveCfg = Release|Any CPU
		{F77968D5-1B66-458B-A9DF-DFCAF36588D3}.SingleImage|Any CPU.ActiveCfg = Release|Any CPU
		{F77968D5-1B66-458B-A9DF-DFCAF36588D3}.SingleImage|Any CPU.Build.0 = Release|Any CPU
		{F77968D5-1B66-458B-A9DF-DFCAF36588D3}.SingleImage|Mixed Platforms.ActiveCfg = Release|Any CPU
		{F77968D5-1B66-458B-A9DF-DFCAF36588D3}.SingleImage|Mixed Platforms.Build.0 = Release|Any CPU
		{F77968D5-1B66-458B-A9DF-DFCAF36588D3}.SingleImage|x86.ActiveCfg = Release|Any CPU
		{E02F32DA-AF6A-4F2C-8552-484C54873C8B}.CD_ROM|Any CPU.ActiveCfg = Release|Any CPU
		{E02F32DA-AF6A-4F2C-8552-484C54873C8B}.CD_ROM|Any CPU.Build.0 = Release|Any CPU
		{E02F32DA-AF6A-4F2C-8552-484C54873C8B}.CD_ROM|Mixed Platforms.ActiveCfg = Release|Any CPU
		{E02F32DA-AF6A-4F2C-8552-484C54873C8B}.CD_ROM|Mixed Platforms.Build.0 = Release|Any CPU
		{E02F32DA-AF6A-4F2C-8552-484C54873C8B}.CD_ROM|x86.ActiveCfg = Release|Any CPU
		{E02F32DA-AF6A-4F2C-8552-484C54873C8B}.Debug|Any CPU.ActiveCfg = Debug|Any CPU
		{E02F32DA-AF6A-4F2C-8552-484C54873C8B}.Debug|Any CPU.Build.0 = Debug|Any CPU
		{E02F32DA-AF6A-4F2C-8552-484C54873C8B}.Debug|Mixed Platforms.ActiveCfg = Debug|Any CPU
		{E02F32DA-AF6A-4F2C-8552-484C54873C8B}.Debug|Mixed Platforms.Build.0 = Debug|Any CPU
		{E02F32DA-AF6A-4F2C-8552-484C54873C8B}.Debug|x86.ActiveCfg = Debug|Any CPU
		{E02F32DA-AF6A-4F2C-8552-484C54873C8B}.DVD-5|Any CPU.ActiveCfg = Debug|Any CPU
		{E02F32DA-AF6A-4F2C-8552-484C54873C8B}.DVD-5|Any CPU.Build.0 = Debug|Any CPU
		{E02F32DA-AF6A-4F2C-8552-484C54873C8B}.DVD-5|Mixed Platforms.ActiveCfg = Debug|Any CPU
		{E02F32DA-AF6A-4F2C-8552-484C54873C8B}.DVD-5|Mixed Platforms.Build.0 = Debug|Any CPU
		{E02F32DA-AF6A-4F2C-8552-484C54873C8B}.DVD-5|x86.ActiveCfg = Debug|Any CPU
		{E02F32DA-AF6A-4F2C-8552-484C54873C8B}.Release|Any CPU.ActiveCfg = Release|Any CPU
		{E02F32DA-AF6A-4F2C-8552-484C54873C8B}.Release|Any CPU.Build.0 = Release|Any CPU
		{E02F32DA-AF6A-4F2C-8552-484C54873C8B}.Release|Mixed Platforms.ActiveCfg = Release|Any CPU
		{E02F32DA-AF6A-4F2C-8552-484C54873C8B}.Release|Mixed Platforms.Build.0 = Release|Any CPU
		{E02F32DA-AF6A-4F2C-8552-484C54873C8B}.Release|x86.ActiveCfg = Release|Any CPU
		{E02F32DA-AF6A-4F2C-8552-484C54873C8B}.SingleImage|Any CPU.ActiveCfg = Release|Any CPU
		{E02F32DA-AF6A-4F2C-8552-484C54873C8B}.SingleImage|Any CPU.Build.0 = Release|Any CPU
		{E02F32DA-AF6A-4F2C-8552-484C54873C8B}.SingleImage|Mixed Platforms.ActiveCfg = Release|Any CPU
		{E02F32DA-AF6A-4F2C-8552-484C54873C8B}.SingleImage|Mixed Platforms.Build.0 = Release|Any CPU
		{E02F32DA-AF6A-4F2C-8552-484C54873C8B}.SingleImage|x86.ActiveCfg = Release|Any CPU
		{15B1BC14-CB84-472D-95D6-C9ADCBA5D5F7}.CD_ROM|Any CPU.ActiveCfg = CD_ROM
		{15B1BC14-CB84-472D-95D6-C9ADCBA5D5F7}.CD_ROM|Any CPU.Build.0 = CD_ROM
		{15B1BC14-CB84-472D-95D6-C9ADCBA5D5F7}.CD_ROM|Mixed Platforms.ActiveCfg = CD_ROM
		{15B1BC14-CB84-472D-95D6-C9ADCBA5D5F7}.CD_ROM|Mixed Platforms.Build.0 = CD_ROM
		{15B1BC14-CB84-472D-95D6-C9ADCBA5D5F7}.CD_ROM|x86.ActiveCfg = CD_ROM
		{15B1BC14-CB84-472D-95D6-C9ADCBA5D5F7}.CD_ROM|x86.Build.0 = CD_ROM
		{15B1BC14-CB84-472D-95D6-C9ADCBA5D5F7}.Debug|Any CPU.ActiveCfg = DVD-5
		{15B1BC14-CB84-472D-95D6-C9ADCBA5D5F7}.Debug|Any CPU.Build.0 = DVD-5
		{15B1BC14-CB84-472D-95D6-C9ADCBA5D5F7}.Debug|Mixed Platforms.ActiveCfg = DVD-5
		{15B1BC14-CB84-472D-95D6-C9ADCBA5D5F7}.Debug|Mixed Platforms.Build.0 = DVD-5
		{15B1BC14-CB84-472D-95D6-C9ADCBA5D5F7}.Debug|x86.ActiveCfg = DVD-5
		{15B1BC14-CB84-472D-95D6-C9ADCBA5D5F7}.Debug|x86.Build.0 = DVD-5
		{15B1BC14-CB84-472D-95D6-C9ADCBA5D5F7}.DVD-5|Any CPU.ActiveCfg = DVD-5
		{15B1BC14-CB84-472D-95D6-C9ADCBA5D5F7}.DVD-5|Any CPU.Build.0 = DVD-5
		{15B1BC14-CB84-472D-95D6-C9ADCBA5D5F7}.DVD-5|Mixed Platforms.ActiveCfg = DVD-5
		{15B1BC14-CB84-472D-95D6-C9ADCBA5D5F7}.DVD-5|Mixed Platforms.Build.0 = DVD-5
		{15B1BC14-CB84-472D-95D6-C9ADCBA5D5F7}.DVD-5|x86.ActiveCfg = DVD-5
		{15B1BC14-CB84-472D-95D6-C9ADCBA5D5F7}.DVD-5|x86.Build.0 = DVD-5
		{15B1BC14-CB84-472D-95D6-C9ADCBA5D5F7}.Release|Any CPU.ActiveCfg = SingleImage
		{15B1BC14-CB84-472D-95D6-C9ADCBA5D5F7}.Release|Any CPU.Build.0 = SingleImage
		{15B1BC14-CB84-472D-95D6-C9ADCBA5D5F7}.Release|Mixed Platforms.ActiveCfg = SingleImage
		{15B1BC14-CB84-472D-95D6-C9ADCBA5D5F7}.Release|Mixed Platforms.Build.0 = SingleImage
		{15B1BC14-CB84-472D-95D6-C9ADCBA5D5F7}.Release|x86.ActiveCfg = SingleImage
		{15B1BC14-CB84-472D-95D6-C9ADCBA5D5F7}.Release|x86.Build.0 = SingleImage
		{15B1BC14-CB84-472D-95D6-C9ADCBA5D5F7}.SingleImage|Any CPU.ActiveCfg = SingleImage
		{15B1BC14-CB84-472D-95D6-C9ADCBA5D5F7}.SingleImage|Any CPU.Build.0 = SingleImage
		{15B1BC14-CB84-472D-95D6-C9ADCBA5D5F7}.SingleImage|Mixed Platforms.ActiveCfg = SingleImage
		{15B1BC14-CB84-472D-95D6-C9ADCBA5D5F7}.SingleImage|Mixed Platforms.Build.0 = SingleImage
		{15B1BC14-CB84-472D-95D6-C9ADCBA5D5F7}.SingleImage|x86.ActiveCfg = SingleImage
		{15B1BC14-CB84-472D-95D6-C9ADCBA5D5F7}.SingleImage|x86.Build.0 = SingleImage
	EndGlobalSection
	GlobalSection(SolutionProperties) = preSolution
		HideSolutionNode = FALSE
	EndGlobalSection
EndGlobal
