
Microsoft Visual Studio Solution File, Format Version 11.00
# Visual Studio 2010
Project("{FAE04EC0-301F-11D3-BF4B-00C04F79EFBC}") = "Agrond.Lycute.Bus", "Agrond.Lycute.Bus\Agrond.Lycute.Bus.csproj", "{D6F6199C-BF25-4721-AD25-E17124807DC6}"
EndProject
Project("{FAE04EC0-301F-11D3-BF4B-00C04F79EFBC}") = "Agrond.AmazonAPI", "Agrond.AmazonAPI\Agrond.AmazonAPI.csproj", "{33501FEE-7573-4ACE-8BC8-8280F321D486}"
EndProject
Project("{FAE04EC0-301F-11D3-BF4B-00C04F79EFBC}") = "LycuteEbookManagement", "LycuteEbookManagement\LycuteEbookManagement.csproj", "{8132B21B-C4AE-4BB6-A26E-570383FB20B0}"
EndProject
Project("{FAE04EC0-301F-11D3-BF4B-00C04F79EFBC}") = "Agrond.FacebookAPI", "Agrond.FacebookAPI\Agrond.FacebookAPI.csproj", "{31CAF144-3091-45C6-B5B2-A3C466CA33F8}"
EndProject
Project("{FAE04EC0-301F-11D3-BF4B-00C04F79EFBC}") = "Agrond.RAR", "Agrond.RAR\Agrond.RAR.csproj", "{AC6DB9BC-52AC-4958-8728-7168BBB8F9C5}"
EndProject
Project("{FAE04EC0-301F-11D3-BF4B-00C04F79EFBC}") = "Agrond.Lycute.DAO", "Agrond.Lycute.DAO\Agrond.Lycute.DAO.csproj", "{D1733DCF-A8FC-483F-8368-97BDFBCA8840}"
EndProject
Project("{FAE04EC0-301F-11D3-BF4B-00C04F79EFBC}") = "Agrond.CopyFile", "Agrond.CopyFile\Agrond.CopyFile.csproj", "{7B46FCCA-A639-4357-9C50-12151667A3B3}"
EndProject
Project("{FAE04EC0-301F-11D3-BF4B-00C04F79EFBC}") = "GenCode128", "GenCode128\GenCode128.csproj", "{8906A7D0-6C42-4E51-BEDB-EFE610E5D00E}"
EndProject
Project("{2150E333-8FDC-42A3-9474-1A3956D46DE8}") = "Plugin", "Plugin", "{8269639C-A3AC-49EA-AAEA-48DBC067D783}"
EndProject
Project("{FAE04EC0-301F-11D3-BF4B-00C04F79EFBC}") = "AdornedControl", "AdornedControl\AdornedControl.csproj", "{5B5737E7-B745-4A50-90E1-BED8628CFA7B}"
EndProject
Global
	GlobalSection(SubversionScc) = preSolution
		Svn-Managed = True
		Manager = AnkhSVN - Subversion Support for Visual Studio
	EndGlobalSection
	GlobalSection(SolutionConfigurationPlatforms) = preSolution
		Debug|Any CPU = Debug|Any CPU
		Debug|Mixed Platforms = Debug|Mixed Platforms
		Debug|x86 = Debug|x86
		Release|Any CPU = Release|Any CPU
		Release|Mixed Platforms = Release|Mixed Platforms
		Release|x86 = Release|x86
	EndGlobalSection
	GlobalSection(ProjectConfigurationPlatforms) = postSolution
		{D6F6199C-BF25-4721-AD25-E17124807DC6}.Debug|Any CPU.ActiveCfg = Debug|Any CPU
		{D6F6199C-BF25-4721-AD25-E17124807DC6}.Debug|Any CPU.Build.0 = Debug|Any CPU
		{D6F6199C-BF25-4721-AD25-E17124807DC6}.Debug|Mixed Platforms.ActiveCfg = Debug|Any CPU
		{D6F6199C-BF25-4721-AD25-E17124807DC6}.Debug|Mixed Platforms.Build.0 = Debug|Any CPU
		{D6F6199C-BF25-4721-AD25-E17124807DC6}.Debug|x86.ActiveCfg = Debug|Any CPU
		{D6F6199C-BF25-4721-AD25-E17124807DC6}.Release|Any CPU.ActiveCfg = Release|Any CPU
		{D6F6199C-BF25-4721-AD25-E17124807DC6}.Release|Any CPU.Build.0 = Release|Any CPU
		{D6F6199C-BF25-4721-AD25-E17124807DC6}.Release|Mixed Platforms.ActiveCfg = Release|Any CPU
		{D6F6199C-BF25-4721-AD25-E17124807DC6}.Release|Mixed Platforms.Build.0 = Release|Any CPU
		{D6F6199C-BF25-4721-AD25-E17124807DC6}.Release|x86.ActiveCfg = Release|Any CPU
		{33501FEE-7573-4ACE-8BC8-8280F321D486}.Debug|Any CPU.ActiveCfg = Debug|Any CPU
		{33501FEE-7573-4ACE-8BC8-8280F321D486}.Debug|Any CPU.Build.0 = Debug|Any CPU
		{33501FEE-7573-4ACE-8BC8-8280F321D486}.Debug|Mixed Platforms.ActiveCfg = Debug|Any CPU
		{33501FEE-7573-4ACE-8BC8-8280F321D486}.Debug|Mixed Platforms.Build.0 = Debug|Any CPU
		{33501FEE-7573-4ACE-8BC8-8280F321D486}.Debug|x86.ActiveCfg = Debug|Any CPU
		{33501FEE-7573-4ACE-8BC8-8280F321D486}.Release|Any CPU.ActiveCfg = Release|Any CPU
		{33501FEE-7573-4ACE-8BC8-8280F321D486}.Release|Any CPU.Build.0 = Release|Any CPU
		{33501FEE-7573-4ACE-8BC8-8280F321D486}.Release|Mixed Platforms.ActiveCfg = Release|Any CPU
		{33501FEE-7573-4ACE-8BC8-8280F321D486}.Release|Mixed Platforms.Build.0 = Release|Any CPU
		{33501FEE-7573-4ACE-8BC8-8280F321D486}.Release|x86.ActiveCfg = Release|Any CPU
		{8132B21B-C4AE-4BB6-A26E-570383FB20B0}.Debug|Any CPU.ActiveCfg = Debug|x86
		{8132B21B-C4AE-4BB6-A26E-570383FB20B0}.Debug|Mixed Platforms.ActiveCfg = Debug|x86
		{8132B21B-C4AE-4BB6-A26E-570383FB20B0}.Debug|Mixed Platforms.Build.0 = Debug|x86
		{8132B21B-C4AE-4BB6-A26E-570383FB20B0}.Debug|x86.ActiveCfg = Debug|x86
		{8132B21B-C4AE-4BB6-A26E-570383FB20B0}.Debug|x86.Build.0 = Debug|x86
		{8132B21B-C4AE-4BB6-A26E-570383FB20B0}.Release|Any CPU.ActiveCfg = Release|x86
		{8132B21B-C4AE-4BB6-A26E-570383FB20B0}.Release|Mixed Platforms.ActiveCfg = Release|x86
		{8132B21B-C4AE-4BB6-A26E-570383FB20B0}.Release|Mixed Platforms.Build.0 = Release|x86
		{8132B21B-C4AE-4BB6-A26E-570383FB20B0}.Release|x86.ActiveCfg = Release|x86
		{8132B21B-C4AE-4BB6-A26E-570383FB20B0}.Release|x86.Build.0 = Release|x86
		{31CAF144-3091-45C6-B5B2-A3C466CA33F8}.Debug|Any CPU.ActiveCfg = Debug|Any CPU
		{31CAF144-3091-45C6-B5B2-A3C466CA33F8}.Debug|Any CPU.Build.0 = Debug|Any CPU
		{31CAF144-3091-45C6-B5B2-A3C466CA33F8}.Debug|Mixed Platforms.ActiveCfg = Debug|Any CPU
		{31CAF144-3091-45C6-B5B2-A3C466CA33F8}.Debug|Mixed Platforms.Build.0 = Debug|Any CPU
		{31CAF144-3091-45C6-B5B2-A3C466CA33F8}.Debug|x86.ActiveCfg = Debug|Any CPU
		{31CAF144-3091-45C6-B5B2-A3C466CA33F8}.Release|Any CPU.ActiveCfg = Release|Any CPU
		{31CAF144-3091-45C6-B5B2-A3C466CA33F8}.Release|Any CPU.Build.0 = Release|Any CPU
		{31CAF144-3091-45C6-B5B2-A3C466CA33F8}.Release|Mixed Platforms.ActiveCfg = Release|Any CPU
		{31CAF144-3091-45C6-B5B2-A3C466CA33F8}.Release|Mixed Platforms.Build.0 = Release|Any CPU
		{31CAF144-3091-45C6-B5B2-A3C466CA33F8}.Release|x86.ActiveCfg = Release|Any CPU
		{AC6DB9BC-52AC-4958-8728-7168BBB8F9C5}.Debug|Any CPU.ActiveCfg = Debug|Any CPU
		{AC6DB9BC-52AC-4958-8728-7168BBB8F9C5}.Debug|Any CPU.Build.0 = Debug|Any CPU
		{AC6DB9BC-52AC-4958-8728-7168BBB8F9C5}.Debug|Mixed Platforms.ActiveCfg = Debug|Any CPU
		{AC6DB9BC-52AC-4958-8728-7168BBB8F9C5}.Debug|Mixed Platforms.Build.0 = Debug|Any CPU
		{AC6DB9BC-52AC-4958-8728-7168BBB8F9C5}.Debug|x86.ActiveCfg = Debug|Any CPU
		{AC6DB9BC-52AC-4958-8728-7168BBB8F9C5}.Release|Any CPU.ActiveCfg = Release|Any CPU
		{AC6DB9BC-52AC-4958-8728-7168BBB8F9C5}.Release|Any CPU.Build.0 = Release|Any CPU
		{AC6DB9BC-52AC-4958-8728-7168BBB8F9C5}.Release|Mixed Platforms.ActiveCfg = Release|Any CPU
		{AC6DB9BC-52AC-4958-8728-7168BBB8F9C5}.Release|Mixed Platforms.Build.0 = Release|Any CPU
		{AC6DB9BC-52AC-4958-8728-7168BBB8F9C5}.Release|x86.ActiveCfg = Release|Any CPU
		{D1733DCF-A8FC-483F-8368-97BDFBCA8840}.Debug|Any CPU.ActiveCfg = Debug|Any CPU
		{D1733DCF-A8FC-483F-8368-97BDFBCA8840}.Debug|Any CPU.Build.0 = Debug|Any CPU
		{D1733DCF-A8FC-483F-8368-97BDFBCA8840}.Debug|Mixed Platforms.ActiveCfg = Debug|Any CPU
		{D1733DCF-A8FC-483F-8368-97BDFBCA8840}.Debug|Mixed Platforms.Build.0 = Debug|Any CPU
		{D1733DCF-A8FC-483F-8368-97BDFBCA8840}.Debug|x86.ActiveCfg = Debug|Any CPU
		{D1733DCF-A8FC-483F-8368-97BDFBCA8840}.Release|Any CPU.ActiveCfg = Release|Any CPU
		{D1733DCF-A8FC-483F-8368-97BDFBCA8840}.Release|Any CPU.Build.0 = Release|Any CPU
		{D1733DCF-A8FC-483F-8368-97BDFBCA8840}.Release|Mixed Platforms.ActiveCfg = Release|Any CPU
		{D1733DCF-A8FC-483F-8368-97BDFBCA8840}.Release|Mixed Platforms.Build.0 = Release|Any CPU
		{D1733DCF-A8FC-483F-8368-97BDFBCA8840}.Release|x86.ActiveCfg = Release|Any CPU
		{7B46FCCA-A639-4357-9C50-12151667A3B3}.Debug|Any CPU.ActiveCfg = Debug|Any CPU
		{7B46FCCA-A639-4357-9C50-12151667A3B3}.Debug|Any CPU.Build.0 = Debug|Any CPU
		{7B46FCCA-A639-4357-9C50-12151667A3B3}.Debug|Mixed Platforms.ActiveCfg = Debug|Any CPU
		{7B46FCCA-A639-4357-9C50-12151667A3B3}.Debug|Mixed Platforms.Build.0 = Debug|Any CPU
		{7B46FCCA-A639-4357-9C50-12151667A3B3}.Debug|x86.ActiveCfg = Debug|Any CPU
		{7B46FCCA-A639-4357-9C50-12151667A3B3}.Release|Any CPU.ActiveCfg = Release|Any CPU
		{7B46FCCA-A639-4357-9C50-12151667A3B3}.Release|Any CPU.Build.0 = Release|Any CPU
		{7B46FCCA-A639-4357-9C50-12151667A3B3}.Release|Mixed Platforms.ActiveCfg = Release|Any CPU
		{7B46FCCA-A639-4357-9C50-12151667A3B3}.Release|Mixed Platforms.Build.0 = Release|Any CPU
		{7B46FCCA-A639-4357-9C50-12151667A3B3}.Release|x86.ActiveCfg = Release|Any CPU
		{8906A7D0-6C42-4E51-BEDB-EFE610E5D00E}.Debug|Any CPU.ActiveCfg = Debug|Any CPU
		{8906A7D0-6C42-4E51-BEDB-EFE610E5D00E}.Debug|Any CPU.Build.0 = Debug|Any CPU
		{8906A7D0-6C42-4E51-BEDB-EFE610E5D00E}.Debug|Mixed Platforms.ActiveCfg = Debug|Any CPU
		{8906A7D0-6C42-4E51-BEDB-EFE610E5D00E}.Debug|Mixed Platforms.Build.0 = Debug|Any CPU
		{8906A7D0-6C42-4E51-BEDB-EFE610E5D00E}.Debug|x86.ActiveCfg = Debug|Any CPU
		{8906A7D0-6C42-4E51-BEDB-EFE610E5D00E}.Release|Any CPU.ActiveCfg = Release|Any CPU
		{8906A7D0-6C42-4E51-BEDB-EFE610E5D00E}.Release|Any CPU.Build.0 = Release|Any CPU
		{8906A7D0-6C42-4E51-BEDB-EFE610E5D00E}.Release|Mixed Platforms.ActiveCfg = Release|Any CPU
		{8906A7D0-6C42-4E51-BEDB-EFE610E5D00E}.Release|Mixed Platforms.Build.0 = Release|Any CPU
		{8906A7D0-6C42-4E51-BEDB-EFE610E5D00E}.Release|x86.ActiveCfg = Release|Any CPU
		{5B5737E7-B745-4A50-90E1-BED8628CFA7B}.Debug|Any CPU.ActiveCfg = Debug|Any CPU
		{5B5737E7-B745-4A50-90E1-BED8628CFA7B}.Debug|Any CPU.Build.0 = Debug|Any CPU
		{5B5737E7-B745-4A50-90E1-BED8628CFA7B}.Debug|Mixed Platforms.ActiveCfg = Debug|Any CPU
		{5B5737E7-B745-4A50-90E1-BED8628CFA7B}.Debug|Mixed Platforms.Build.0 = Debug|Any CPU
		{5B5737E7-B745-4A50-90E1-BED8628CFA7B}.Debug|x86.ActiveCfg = Debug|Any CPU
		{5B5737E7-B745-4A50-90E1-BED8628CFA7B}.Release|Any CPU.ActiveCfg = Release|Any CPU
		{5B5737E7-B745-4A50-90E1-BED8628CFA7B}.Release|Any CPU.Build.0 = Release|Any CPU
		{5B5737E7-B745-4A50-90E1-BED8628CFA7B}.Release|Mixed Platforms.ActiveCfg = Release|Any CPU
		{5B5737E7-B745-4A50-90E1-BED8628CFA7B}.Release|Mixed Platforms.Build.0 = Release|Any CPU
		{5B5737E7-B745-4A50-90E1-BED8628CFA7B}.Release|x86.ActiveCfg = Release|Any CPU
	EndGlobalSection
	GlobalSection(SolutionProperties) = preSolution
		HideSolutionNode = FALSE
	EndGlobalSection
	GlobalSection(NestedProjects) = preSolution
		{33501FEE-7573-4ACE-8BC8-8280F321D486} = {8269639C-A3AC-49EA-AAEA-48DBC067D783}
		{5B5737E7-B745-4A50-90E1-BED8628CFA7B} = {8269639C-A3AC-49EA-AAEA-48DBC067D783}
		{31CAF144-3091-45C6-B5B2-A3C466CA33F8} = {8269639C-A3AC-49EA-AAEA-48DBC067D783}
		{8906A7D0-6C42-4E51-BEDB-EFE610E5D00E} = {8269639C-A3AC-49EA-AAEA-48DBC067D783}
		{7B46FCCA-A639-4357-9C50-12151667A3B3} = {8269639C-A3AC-49EA-AAEA-48DBC067D783}
		{AC6DB9BC-52AC-4958-8728-7168BBB8F9C5} = {8269639C-A3AC-49EA-AAEA-48DBC067D783}
	EndGlobalSection
EndGlobal
